
Microsoft Visual Studio Solution File, Format Version 12.00
# Visual Studio Version 17
VisualStudioVersion = 17.5.002.0
MinimumVisualStudioVersion = 10.0.40219.1
Project("{9A19103F-16F7-4668-BE54-9A1E7A4F7556}") = "minimalApi", "minimalApi.csproj", "{86C7A570-CC6B-44C1-AFBF-4E1669B656A0}"
EndProject
Global
	GlobalSection(SolutionConfigurationPlatforms) = preSolution
		Debug|Any CPU = Debug|Any CPU
		Release|Any CPU = Release|Any CPU
	EndGlobalSection
	GlobalSection(ProjectConfigurationPlatforms) = postSolution
		{86C7A570-CC6B-44C1-AFBF-4E1669B656A0}.Debug|Any CPU.ActiveCfg = Debug|Any CPU
		{86C7A570-CC6B-44C1-AFBF-4E1669B656A0}.Debug|Any CPU.Build.0 = Debug|Any CPU
		{86C7A570-CC6B-44C1-AFBF-4E1669B656A0}.Release|Any CPU.ActiveCfg = Release|Any CPU
		{86C7A570-CC6B-44C1-AFBF-4E1669B656A0}.Release|Any CPU.Build.0 = Release|Any CPU
	EndGlobalSection
	GlobalSection(SolutionProperties) = preSolution
		HideSolutionNode = FALSE
	EndGlobalSection
	GlobalSection(ExtensibilityGlobals) = postSolution
		SolutionGuid = {E6B68967-D79A-4BE7-9A9A-606B5A5386E2}
	EndGlobalSection
EndGlobal
